
Microsoft Visual Studio Solution File, Format Version 12.00
# Visual Studio Version 16
VisualStudioVersion = 16.0.29409.12
MinimumVisualStudioVersion = 10.0.40219.1
Project("{9A19103F-16F7-4668-BE54-9A1E7A4F7556}") = "CommandMessengerStandard", "src\CommandMessengerStandard\CommandMessengerStandard.csproj", "{E4F84661-05AC-4908-B522-58D0D6543DFB}"
EndProject
Project("{9A19103F-16F7-4668-BE54-9A1E7A4F7556}") = "CommandMessengerTransportSerialStandard", "src\CommandMessengerTransportSerialStandard\CommandMessengerTransportSerialStandard.csproj", "{6C58A602-5DD4-49D1-9063-5C69657C729F}"
EndProject
Project("{2150E333-8FDC-42A3-9474-1A3956D46DE8}") = "1) Clients", "1) Clients", "{F5A53E20-712E-4FFD-91BD-E55E5844907A}"
EndProject
Project("{2150E333-8FDC-42A3-9474-1A3956D46DE8}") = "2) Server", "2) Server", "{F64E54F5-24C9-4E11-8A69-651628C00648}"
EndProject
Project("{2150E333-8FDC-42A3-9474-1A3956D46DE8}") = "3) Hardware", "3) Hardware", "{11299B6F-8863-47D1-A63E-C1FB21F3E69E}"
EndProject
Project("{2150E333-8FDC-42A3-9474-1A3956D46DE8}") = "5) Common", "5) Common", "{CDAF7199-90DF-40AE-8064-BF353EFF069A}"
EndProject
Project("{2150E333-8FDC-42A3-9474-1A3956D46DE8}") = "6) Arduino", "6) Arduino", "{37BD4E48-B75C-47F2-8428-B42B32873BB2}"
EndProject
Project("{2150E333-8FDC-42A3-9474-1A3956D46DE8}") = "7) Libs", "7) Libs", "{3311A9CE-48CE-4C89-85DB-E28C93EA794E}"
EndProject
Project("{FAE04EC0-301F-11D3-BF4B-00C04F79EFBC}") = "BF.Appliance", "src\BF.Appliance\BF.Appliance.csproj", "{CA3DD26A-E8F4-403C-A5C5-BAC13C2D9144}"
EndProject
Project("{9A19103F-16F7-4668-BE54-9A1E7A4F7556}") = "BF.Appliance.Core", "src\BF.Appliance.Core\BF.Appliance.Core.csproj", "{D92C870B-5D14-4007-8193-7D544E3A97F1}"
EndProject
Project("{9A19103F-16F7-4668-BE54-9A1E7A4F7556}") = "BF.Common", "src\BF.Common\BF.Common.csproj", "{00A363FD-242F-4A52-BC7C-9657CA3AB9DE}"
EndProject
Project("{2150E333-8FDC-42A3-9474-1A3956D46DE8}") = "4) Services", "4) Services", "{BEF8D893-A4E9-4561-BA33-6E7BEB55FC90}"
EndProject
Project("{9A19103F-16F7-4668-BE54-9A1E7A4F7556}") = "BF.Services", "src\BF.Services\BF.Services.csproj", "{237D5DAF-44ED-430B-8566-C8BBAB3EAFF2}"
EndProject
Project("{9A19103F-16F7-4668-BE54-9A1E7A4F7556}") = "BF.Services.Prism", "src\BF.Services.Prism\BF.Services.Prism.csproj", "{61628A41-EC77-4F64-80A5-0312405F1A63}"
EndProject
Project("{FAE04EC0-301F-11D3-BF4B-00C04F79EFBC}") = "BF.Services.UWP", "src\BF.Services.UWP\BF.Services.UWP.csproj", "{A1317728-F547-4F24-8184-3BB976C51B4A}"
EndProject
Project("{8BC9CEB8-8B4A-11D0-8D11-00A0C91BC942}") = "Mwm.BeerFactoryV2.Mega", "src\Mwm.BeerFactoryV2.Mega\Mwm.BeerFactoryV2.Mega.vcxproj", "{C5F80730-F44F-4478-BDAE-6634EFC2CA88}"
EndProject
Project("{9A19103F-16F7-4668-BE54-9A1E7A4F7556}") = "BF.Server", "src\BF.Server\BF.Server.csproj", "{9C9F3686-EF5E-48E6-B7E9-A9287B2572EC}"
EndProject
Global
	GlobalSection(SolutionConfigurationPlatforms) = preSolution
		Debug|Any CPU = Debug|Any CPU
		Debug|ARM = Debug|ARM
		Debug|ARM64 = Debug|ARM64
		Debug|x64 = Debug|x64
		Debug|x86 = Debug|x86
		Release|Any CPU = Release|Any CPU
		Release|ARM = Release|ARM
		Release|ARM64 = Release|ARM64
		Release|x64 = Release|x64
		Release|x86 = Release|x86
	EndGlobalSection
	GlobalSection(ProjectConfigurationPlatforms) = postSolution
		{E4F84661-05AC-4908-B522-58D0D6543DFB}.Debug|Any CPU.ActiveCfg = Debug|Any CPU
		{E4F84661-05AC-4908-B522-58D0D6543DFB}.Debug|Any CPU.Build.0 = Debug|Any CPU
		{E4F84661-05AC-4908-B522-58D0D6543DFB}.Debug|ARM.ActiveCfg = Debug|Any CPU
		{E4F84661-05AC-4908-B522-58D0D6543DFB}.Debug|ARM.Build.0 = Debug|Any CPU
		{E4F84661-05AC-4908-B522-58D0D6543DFB}.Debug|ARM64.ActiveCfg = Debug|Any CPU
		{E4F84661-05AC-4908-B522-58D0D6543DFB}.Debug|ARM64.Build.0 = Debug|Any CPU
		{E4F84661-05AC-4908-B522-58D0D6543DFB}.Debug|x64.ActiveCfg = Debug|Any CPU
		{E4F84661-05AC-4908-B522-58D0D6543DFB}.Debug|x64.Build.0 = Debug|Any CPU
		{E4F84661-05AC-4908-B522-58D0D6543DFB}.Debug|x86.ActiveCfg = Debug|Any CPU
		{E4F84661-05AC-4908-B522-58D0D6543DFB}.Debug|x86.Build.0 = Debug|Any CPU
		{E4F84661-05AC-4908-B522-58D0D6543DFB}.Release|Any CPU.ActiveCfg = Release|Any CPU
		{E4F84661-05AC-4908-B522-58D0D6543DFB}.Release|Any CPU.Build.0 = Release|Any CPU
		{E4F84661-05AC-4908-B522-58D0D6543DFB}.Release|ARM.ActiveCfg = Release|Any CPU
		{E4F84661-05AC-4908-B522-58D0D6543DFB}.Release|ARM.Build.0 = Release|Any CPU
		{E4F84661-05AC-4908-B522-58D0D6543DFB}.Release|ARM64.ActiveCfg = Release|Any CPU
		{E4F84661-05AC-4908-B522-58D0D6543DFB}.Release|ARM64.Build.0 = Release|Any CPU
		{E4F84661-05AC-4908-B522-58D0D6543DFB}.Release|x64.ActiveCfg = Release|Any CPU
		{E4F84661-05AC-4908-B522-58D0D6543DFB}.Release|x64.Build.0 = Release|Any CPU
		{E4F84661-05AC-4908-B522-58D0D6543DFB}.Release|x86.ActiveCfg = Release|Any CPU
		{E4F84661-05AC-4908-B522-58D0D6543DFB}.Release|x86.Build.0 = Release|Any CPU
		{6C58A602-5DD4-49D1-9063-5C69657C729F}.Debug|Any CPU.ActiveCfg = Debug|Any CPU
		{6C58A602-5DD4-49D1-9063-5C69657C729F}.Debug|Any CPU.Build.0 = Debug|Any CPU
		{6C58A602-5DD4-49D1-9063-5C69657C729F}.Debug|ARM.ActiveCfg = Debug|Any CPU
		{6C58A602-5DD4-49D1-9063-5C69657C729F}.Debug|ARM.Build.0 = Debug|Any CPU
		{6C58A602-5DD4-49D1-9063-5C69657C729F}.Debug|ARM64.ActiveCfg = Debug|Any CPU
		{6C58A602-5DD4-49D1-9063-5C69657C729F}.Debug|ARM64.Build.0 = Debug|Any CPU
		{6C58A602-5DD4-49D1-9063-5C69657C729F}.Debug|x64.ActiveCfg = Debug|Any CPU
		{6C58A602-5DD4-49D1-9063-5C69657C729F}.Debug|x64.Build.0 = Debug|Any CPU
		{6C58A602-5DD4-49D1-9063-5C69657C729F}.Debug|x86.ActiveCfg = Debug|Any CPU
		{6C58A602-5DD4-49D1-9063-5C69657C729F}.Debug|x86.Build.0 = Debug|Any CPU
		{6C58A602-5DD4-49D1-9063-5C69657C729F}.Release|Any CPU.ActiveCfg = Release|Any CPU
		{6C58A602-5DD4-49D1-9063-5C69657C729F}.Release|Any CPU.Build.0 = Release|Any CPU
		{6C58A602-5DD4-49D1-9063-5C69657C729F}.Release|ARM.ActiveCfg = Release|Any CPU
		{6C58A602-5DD4-49D1-9063-5C69657C729F}.Release|ARM.Build.0 = Release|Any CPU
		{6C58A602-5DD4-49D1-9063-5C69657C729F}.Release|ARM64.ActiveCfg = Release|Any CPU
		{6C58A602-5DD4-49D1-9063-5C69657C729F}.Release|ARM64.Build.0 = Release|Any CPU
		{6C58A602-5DD4-49D1-9063-5C69657C729F}.Release|x64.ActiveCfg = Release|Any CPU
		{6C58A602-5DD4-49D1-9063-5C69657C729F}.Release|x64.Build.0 = Release|Any CPU
		{6C58A602-5DD4-49D1-9063-5C69657C729F}.Release|x86.ActiveCfg = Release|Any CPU
		{6C58A602-5DD4-49D1-9063-5C69657C729F}.Release|x86.Build.0 = Release|Any CPU
		{CA3DD26A-E8F4-403C-A5C5-BAC13C2D9144}.Debug|Any CPU.ActiveCfg = Debug|x86
		{CA3DD26A-E8F4-403C-A5C5-BAC13C2D9144}.Debug|Any CPU.Build.0 = Debug|x86
		{CA3DD26A-E8F4-403C-A5C5-BAC13C2D9144}.Debug|Any CPU.Deploy.0 = Debug|x86
		{CA3DD26A-E8F4-403C-A5C5-BAC13C2D9144}.Debug|ARM.ActiveCfg = Debug|ARM
		{CA3DD26A-E8F4-403C-A5C5-BAC13C2D9144}.Debug|ARM.Build.0 = Debug|ARM
		{CA3DD26A-E8F4-403C-A5C5-BAC13C2D9144}.Debug|ARM.Deploy.0 = Debug|ARM
		{CA3DD26A-E8F4-403C-A5C5-BAC13C2D9144}.Debug|ARM64.ActiveCfg = Debug|x86
		{CA3DD26A-E8F4-403C-A5C5-BAC13C2D9144}.Debug|x64.ActiveCfg = Debug|x64
		{CA3DD26A-E8F4-403C-A5C5-BAC13C2D9144}.Debug|x64.Build.0 = Debug|x64
		{CA3DD26A-E8F4-403C-A5C5-BAC13C2D9144}.Debug|x64.Deploy.0 = Debug|x64
		{CA3DD26A-E8F4-403C-A5C5-BAC13C2D9144}.Debug|x86.ActiveCfg = Debug|x86
		{CA3DD26A-E8F4-403C-A5C5-BAC13C2D9144}.Debug|x86.Build.0 = Debug|x86
		{CA3DD26A-E8F4-403C-A5C5-BAC13C2D9144}.Debug|x86.Deploy.0 = Debug|x86
		{CA3DD26A-E8F4-403C-A5C5-BAC13C2D9144}.Release|Any CPU.ActiveCfg = Release|x86
		{CA3DD26A-E8F4-403C-A5C5-BAC13C2D9144}.Release|ARM.ActiveCfg = Release|ARM
		{CA3DD26A-E8F4-403C-A5C5-BAC13C2D9144}.Release|ARM.Build.0 = Release|ARM
		{CA3DD26A-E8F4-403C-A5C5-BAC13C2D9144}.Release|ARM.Deploy.0 = Release|ARM
		{CA3DD26A-E8F4-403C-A5C5-BAC13C2D9144}.Release|ARM64.ActiveCfg = Release|x86
		{CA3DD26A-E8F4-403C-A5C5-BAC13C2D9144}.Release|x64.ActiveCfg = Release|x64
		{CA3DD26A-E8F4-403C-A5C5-BAC13C2D9144}.Release|x64.Build.0 = Release|x64
		{CA3DD26A-E8F4-403C-A5C5-BAC13C2D9144}.Release|x64.Deploy.0 = Release|x64
		{CA3DD26A-E8F4-403C-A5C5-BAC13C2D9144}.Release|x86.ActiveCfg = Release|x86
		{CA3DD26A-E8F4-403C-A5C5-BAC13C2D9144}.Release|x86.Build.0 = Release|x86
		{CA3DD26A-E8F4-403C-A5C5-BAC13C2D9144}.Release|x86.Deploy.0 = Release|x86
		{D92C870B-5D14-4007-8193-7D544E3A97F1}.Debug|Any CPU.ActiveCfg = Debug|Any CPU
		{D92C870B-5D14-4007-8193-7D544E3A97F1}.Debug|Any CPU.Build.0 = Debug|Any CPU
		{D92C870B-5D14-4007-8193-7D544E3A97F1}.Debug|ARM.ActiveCfg = Debug|Any CPU
		{D92C870B-5D14-4007-8193-7D544E3A97F1}.Debug|ARM.Build.0 = Debug|Any CPU
		{D92C870B-5D14-4007-8193-7D544E3A97F1}.Debug|ARM64.ActiveCfg = Debug|Any CPU
		{D92C870B-5D14-4007-8193-7D544E3A97F1}.Debug|ARM64.Build.0 = Debug|Any CPU
		{D92C870B-5D14-4007-8193-7D544E3A97F1}.Debug|x64.ActiveCfg = Debug|Any CPU
		{D92C870B-5D14-4007-8193-7D544E3A97F1}.Debug|x64.Build.0 = Debug|Any CPU
		{D92C870B-5D14-4007-8193-7D544E3A97F1}.Debug|x86.ActiveCfg = Debug|Any CPU
		{D92C870B-5D14-4007-8193-7D544E3A97F1}.Debug|x86.Build.0 = Debug|Any CPU
		{D92C870B-5D14-4007-8193-7D544E3A97F1}.Release|Any CPU.ActiveCfg = Release|Any CPU
		{D92C870B-5D14-4007-8193-7D544E3A97F1}.Release|Any CPU.Build.0 = Release|Any CPU
		{D92C870B-5D14-4007-8193-7D544E3A97F1}.Release|ARM.ActiveCfg = Release|Any CPU
		{D92C870B-5D14-4007-8193-7D544E3A97F1}.Release|ARM.Build.0 = Release|Any CPU
		{D92C870B-5D14-4007-8193-7D544E3A97F1}.Release|ARM64.ActiveCfg = Release|Any CPU
		{D92C870B-5D14-4007-8193-7D544E3A97F1}.Release|ARM64.Build.0 = Release|Any CPU
		{D92C870B-5D14-4007-8193-7D544E3A97F1}.Release|x64.ActiveCfg = Release|Any CPU
		{D92C870B-5D14-4007-8193-7D544E3A97F1}.Release|x64.Build.0 = Release|Any CPU
		{D92C870B-5D14-4007-8193-7D544E3A97F1}.Release|x86.ActiveCfg = Release|Any CPU
		{D92C870B-5D14-4007-8193-7D544E3A97F1}.Release|x86.Build.0 = Release|Any CPU
		{00A363FD-242F-4A52-BC7C-9657CA3AB9DE}.Debug|Any CPU.ActiveCfg = Debug|Any CPU
		{00A363FD-242F-4A52-BC7C-9657CA3AB9DE}.Debug|Any CPU.Build.0 = Debug|Any CPU
		{00A363FD-242F-4A52-BC7C-9657CA3AB9DE}.Debug|ARM.ActiveCfg = Debug|Any CPU
		{00A363FD-242F-4A52-BC7C-9657CA3AB9DE}.Debug|ARM.Build.0 = Debug|Any CPU
		{00A363FD-242F-4A52-BC7C-9657CA3AB9DE}.Debug|ARM64.ActiveCfg = Debug|Any CPU
		{00A363FD-242F-4A52-BC7C-9657CA3AB9DE}.Debug|ARM64.Build.0 = Debug|Any CPU
		{00A363FD-242F-4A52-BC7C-9657CA3AB9DE}.Debug|x64.ActiveCfg = Debug|Any CPU
		{00A363FD-242F-4A52-BC7C-9657CA3AB9DE}.Debug|x64.Build.0 = Debug|Any CPU
		{00A363FD-242F-4A52-BC7C-9657CA3AB9DE}.Debug|x86.ActiveCfg = Debug|Any CPU
		{00A363FD-242F-4A52-BC7C-9657CA3AB9DE}.Debug|x86.Build.0 = Debug|Any CPU
		{00A363FD-242F-4A52-BC7C-9657CA3AB9DE}.Release|Any CPU.ActiveCfg = Release|Any CPU
		{00A363FD-242F-4A52-BC7C-9657CA3AB9DE}.Release|Any CPU.Build.0 = Release|Any CPU
		{00A363FD-242F-4A52-BC7C-9657CA3AB9DE}.Release|ARM.ActiveCfg = Release|Any CPU
		{00A363FD-242F-4A52-BC7C-9657CA3AB9DE}.Release|ARM.Build.0 = Release|Any CPU
		{00A363FD-242F-4A52-BC7C-9657CA3AB9DE}.Release|ARM64.ActiveCfg = Release|Any CPU
		{00A363FD-242F-4A52-BC7C-9657CA3AB9DE}.Release|ARM64.Build.0 = Release|Any CPU
		{00A363FD-242F-4A52-BC7C-9657CA3AB9DE}.Release|x64.ActiveCfg = Release|Any CPU
		{00A363FD-242F-4A52-BC7C-9657CA3AB9DE}.Release|x64.Build.0 = Release|Any CPU
		{00A363FD-242F-4A52-BC7C-9657CA3AB9DE}.Release|x86.ActiveCfg = Release|Any CPU
		{00A363FD-242F-4A52-BC7C-9657CA3AB9DE}.Release|x86.Build.0 = Release|Any CPU
		{237D5DAF-44ED-430B-8566-C8BBAB3EAFF2}.Debug|Any CPU.ActiveCfg = Debug|Any CPU
		{237D5DAF-44ED-430B-8566-C8BBAB3EAFF2}.Debug|Any CPU.Build.0 = Debug|Any CPU
		{237D5DAF-44ED-430B-8566-C8BBAB3EAFF2}.Debug|ARM.ActiveCfg = Debug|Any CPU
		{237D5DAF-44ED-430B-8566-C8BBAB3EAFF2}.Debug|ARM.Build.0 = Debug|Any CPU
		{237D5DAF-44ED-430B-8566-C8BBAB3EAFF2}.Debug|ARM64.ActiveCfg = Debug|Any CPU
		{237D5DAF-44ED-430B-8566-C8BBAB3EAFF2}.Debug|ARM64.Build.0 = Debug|Any CPU
		{237D5DAF-44ED-430B-8566-C8BBAB3EAFF2}.Debug|x64.ActiveCfg = Debug|Any CPU
		{237D5DAF-44ED-430B-8566-C8BBAB3EAFF2}.Debug|x64.Build.0 = Debug|Any CPU
		{237D5DAF-44ED-430B-8566-C8BBAB3EAFF2}.Debug|x86.ActiveCfg = Debug|Any CPU
		{237D5DAF-44ED-430B-8566-C8BBAB3EAFF2}.Debug|x86.Build.0 = Debug|Any CPU
		{237D5DAF-44ED-430B-8566-C8BBAB3EAFF2}.Release|Any CPU.ActiveCfg = Release|Any CPU
		{237D5DAF-44ED-430B-8566-C8BBAB3EAFF2}.Release|Any CPU.Build.0 = Release|Any CPU
		{237D5DAF-44ED-430B-8566-C8BBAB3EAFF2}.Release|ARM.ActiveCfg = Release|Any CPU
		{237D5DAF-44ED-430B-8566-C8BBAB3EAFF2}.Release|ARM.Build.0 = Release|Any CPU
		{237D5DAF-44ED-430B-8566-C8BBAB3EAFF2}.Release|ARM64.ActiveCfg = Release|Any CPU
		{237D5DAF-44ED-430B-8566-C8BBAB3EAFF2}.Release|ARM64.Build.0 = Release|Any CPU
		{237D5DAF-44ED-430B-8566-C8BBAB3EAFF2}.Release|x64.ActiveCfg = Release|Any CPU
		{237D5DAF-44ED-430B-8566-C8BBAB3EAFF2}.Release|x64.Build.0 = Release|Any CPU
		{237D5DAF-44ED-430B-8566-C8BBAB3EAFF2}.Release|x86.ActiveCfg = Release|Any CPU
		{237D5DAF-44ED-430B-8566-C8BBAB3EAFF2}.Release|x86.Build.0 = Release|Any CPU
		{61628A41-EC77-4F64-80A5-0312405F1A63}.Debug|Any CPU.ActiveCfg = Debug|Any CPU
		{61628A41-EC77-4F64-80A5-0312405F1A63}.Debug|Any CPU.Build.0 = Debug|Any CPU
		{61628A41-EC77-4F64-80A5-0312405F1A63}.Debug|ARM.ActiveCfg = Debug|Any CPU
		{61628A41-EC77-4F64-80A5-0312405F1A63}.Debug|ARM.Build.0 = Debug|Any CPU
		{61628A41-EC77-4F64-80A5-0312405F1A63}.Debug|ARM64.ActiveCfg = Debug|Any CPU
		{61628A41-EC77-4F64-80A5-0312405F1A63}.Debug|ARM64.Build.0 = Debug|Any CPU
		{61628A41-EC77-4F64-80A5-0312405F1A63}.Debug|x64.ActiveCfg = Debug|Any CPU
		{61628A41-EC77-4F64-80A5-0312405F1A63}.Debug|x64.Build.0 = Debug|Any CPU
		{61628A41-EC77-4F64-80A5-0312405F1A63}.Debug|x86.ActiveCfg = Debug|Any CPU
		{61628A41-EC77-4F64-80A5-0312405F1A63}.Debug|x86.Build.0 = Debug|Any CPU
		{61628A41-EC77-4F64-80A5-0312405F1A63}.Release|Any CPU.ActiveCfg = Release|Any CPU
		{61628A41-EC77-4F64-80A5-0312405F1A63}.Release|Any CPU.Build.0 = Release|Any CPU
		{61628A41-EC77-4F64-80A5-0312405F1A63}.Release|ARM.ActiveCfg = Release|Any CPU
		{61628A41-EC77-4F64-80A5-0312405F1A63}.Release|ARM.Build.0 = Release|Any CPU
		{61628A41-EC77-4F64-80A5-0312405F1A63}.Release|ARM64.ActiveCfg = Release|Any CPU
		{61628A41-EC77-4F64-80A5-0312405F1A63}.Release|ARM64.Build.0 = Release|Any CPU
		{61628A41-EC77-4F64-80A5-0312405F1A63}.Release|x64.ActiveCfg = Release|Any CPU
		{61628A41-EC77-4F64-80A5-0312405F1A63}.Release|x64.Build.0 = Release|Any CPU
		{61628A41-EC77-4F64-80A5-0312405F1A63}.Release|x86.ActiveCfg = Release|Any CPU
		{61628A41-EC77-4F64-80A5-0312405F1A63}.Release|x86.Build.0 = Release|Any CPU
		{A1317728-F547-4F24-8184-3BB976C51B4A}.Debug|Any CPU.ActiveCfg = Debug|Any CPU
		{A1317728-F547-4F24-8184-3BB976C51B4A}.Debug|Any CPU.Build.0 = Debug|Any CPU
		{A1317728-F547-4F24-8184-3BB976C51B4A}.Debug|ARM.ActiveCfg = Debug|ARM
		{A1317728-F547-4F24-8184-3BB976C51B4A}.Debug|ARM.Build.0 = Debug|ARM
		{A1317728-F547-4F24-8184-3BB976C51B4A}.Debug|ARM64.ActiveCfg = Debug|ARM64
		{A1317728-F547-4F24-8184-3BB976C51B4A}.Debug|ARM64.Build.0 = Debug|ARM64
		{A1317728-F547-4F24-8184-3BB976C51B4A}.Debug|x64.ActiveCfg = Debug|x64
		{A1317728-F547-4F24-8184-3BB976C51B4A}.Debug|x64.Build.0 = Debug|x64
		{A1317728-F547-4F24-8184-3BB976C51B4A}.Debug|x86.ActiveCfg = Debug|x86
		{A1317728-F547-4F24-8184-3BB976C51B4A}.Debug|x86.Build.0 = Debug|x86
		{A1317728-F547-4F24-8184-3BB976C51B4A}.Release|Any CPU.ActiveCfg = Release|Any CPU
		{A1317728-F547-4F24-8184-3BB976C51B4A}.Release|Any CPU.Build.0 = Release|Any CPU
		{A1317728-F547-4F24-8184-3BB976C51B4A}.Release|ARM.ActiveCfg = Release|ARM
		{A1317728-F547-4F24-8184-3BB976C51B4A}.Release|ARM.Build.0 = Release|ARM
		{A1317728-F547-4F24-8184-3BB976C51B4A}.Release|ARM64.ActiveCfg = Release|ARM64
		{A1317728-F547-4F24-8184-3BB976C51B4A}.Release|ARM64.Build.0 = Release|ARM64
		{A1317728-F547-4F24-8184-3BB976C51B4A}.Release|x64.ActiveCfg = Release|x64
		{A1317728-F547-4F24-8184-3BB976C51B4A}.Release|x64.Build.0 = Release|x64
		{A1317728-F547-4F24-8184-3BB976C51B4A}.Release|x86.ActiveCfg = Release|x86
		{A1317728-F547-4F24-8184-3BB976C51B4A}.Release|x86.Build.0 = Release|x86
		{C5F80730-F44F-4478-BDAE-6634EFC2CA88}.Debug|Any CPU.ActiveCfg = Debug|Win32
		{C5F80730-F44F-4478-BDAE-6634EFC2CA88}.Debug|ARM.ActiveCfg = Debug|Win32
		{C5F80730-F44F-4478-BDAE-6634EFC2CA88}.Debug|ARM64.ActiveCfg = Debug|Win32
		{C5F80730-F44F-4478-BDAE-6634EFC2CA88}.Debug|x64.ActiveCfg = Debug|Win32
		{C5F80730-F44F-4478-BDAE-6634EFC2CA88}.Debug|x86.ActiveCfg = Debug|Win32
		{C5F80730-F44F-4478-BDAE-6634EFC2CA88}.Debug|x86.Build.0 = Debug|Win32
		{C5F80730-F44F-4478-BDAE-6634EFC2CA88}.Release|Any CPU.ActiveCfg = Release|Win32
		{C5F80730-F44F-4478-BDAE-6634EFC2CA88}.Release|ARM.ActiveCfg = Release|Win32
		{C5F80730-F44F-4478-BDAE-6634EFC2CA88}.Release|ARM64.ActiveCfg = Release|Win32
		{C5F80730-F44F-4478-BDAE-6634EFC2CA88}.Release|x64.ActiveCfg = Release|Win32
		{C5F80730-F44F-4478-BDAE-6634EFC2CA88}.Release|x86.ActiveCfg = Release|Win32
		{C5F80730-F44F-4478-BDAE-6634EFC2CA88}.Release|x86.Build.0 = Release|Win32
		{9C9F3686-EF5E-48E6-B7E9-A9287B2572EC}.Debug|Any CPU.ActiveCfg = Debug|Any CPU
		{9C9F3686-EF5E-48E6-B7E9-A9287B2572EC}.Debug|Any CPU.Build.0 = Debug|Any CPU
		{9C9F3686-EF5E-48E6-B7E9-A9287B2572EC}.Debug|ARM.ActiveCfg = Debug|Any CPU
		{9C9F3686-EF5E-48E6-B7E9-A9287B2572EC}.Debug|ARM.Build.0 = Debug|Any CPU
		{9C9F3686-EF5E-48E6-B7E9-A9287B2572EC}.Debug|ARM64.ActiveCfg = Debug|Any CPU
		{9C9F3686-EF5E-48E6-B7E9-A9287B2572EC}.Debug|ARM64.Build.0 = Debug|Any CPU
		{9C9F3686-EF5E-48E6-B7E9-A9287B2572EC}.Debug|x64.ActiveCfg = Debug|Any CPU
		{9C9F3686-EF5E-48E6-B7E9-A9287B2572EC}.Debug|x64.Build.0 = Debug|Any CPU
		{9C9F3686-EF5E-48E6-B7E9-A9287B2572EC}.Debug|x86.ActiveCfg = Debug|Any CPU
		{9C9F3686-EF5E-48E6-B7E9-A9287B2572EC}.Debug|x86.Build.0 = Debug|Any CPU
		{9C9F3686-EF5E-48E6-B7E9-A9287B2572EC}.Release|Any CPU.ActiveCfg = Release|Any CPU
		{9C9F3686-EF5E-48E6-B7E9-A9287B2572EC}.Release|Any CPU.Build.0 = Release|Any CPU
		{9C9F3686-EF5E-48E6-B7E9-A9287B2572EC}.Release|ARM.ActiveCfg = Release|Any CPU
		{9C9F3686-EF5E-48E6-B7E9-A9287B2572EC}.Release|ARM.Build.0 = Release|Any CPU
		{9C9F3686-EF5E-48E6-B7E9-A9287B2572EC}.Release|ARM64.ActiveCfg = Release|Any CPU
		{9C9F3686-EF5E-48E6-B7E9-A9287B2572EC}.Release|ARM64.Build.0 = Release|Any CPU
		{9C9F3686-EF5E-48E6-B7E9-A9287B2572EC}.Release|x64.ActiveCfg = Release|Any CPU
		{9C9F3686-EF5E-48E6-B7E9-A9287B2572EC}.Release|x64.Build.0 = Release|Any CPU
		{9C9F3686-EF5E-48E6-B7E9-A9287B2572EC}.Release|x86.ActiveCfg = Release|Any CPU
		{9C9F3686-EF5E-48E6-B7E9-A9287B2572EC}.Release|x86.Build.0 = Release|Any CPU
	EndGlobalSection
	GlobalSection(SolutionProperties) = preSolution
		HideSolutionNode = FALSE
	EndGlobalSection
	GlobalSection(NestedProjects) = preSolution
		{E4F84661-05AC-4908-B522-58D0D6543DFB} = {3311A9CE-48CE-4C89-85DB-E28C93EA794E}
		{6C58A602-5DD4-49D1-9063-5C69657C729F} = {3311A9CE-48CE-4C89-85DB-E28C93EA794E}
		{CA3DD26A-E8F4-403C-A5C5-BAC13C2D9144} = {11299B6F-8863-47D1-A63E-C1FB21F3E69E}
		{D92C870B-5D14-4007-8193-7D544E3A97F1} = {11299B6F-8863-47D1-A63E-C1FB21F3E69E}
		{00A363FD-242F-4A52-BC7C-9657CA3AB9DE} = {CDAF7199-90DF-40AE-8064-BF353EFF069A}
		{237D5DAF-44ED-430B-8566-C8BBAB3EAFF2} = {BEF8D893-A4E9-4561-BA33-6E7BEB55FC90}
		{61628A41-EC77-4F64-80A5-0312405F1A63} = {BEF8D893-A4E9-4561-BA33-6E7BEB55FC90}
		{A1317728-F547-4F24-8184-3BB976C51B4A} = {BEF8D893-A4E9-4561-BA33-6E7BEB55FC90}
		{C5F80730-F44F-4478-BDAE-6634EFC2CA88} = {37BD4E48-B75C-47F2-8428-B42B32873BB2}
		{9C9F3686-EF5E-48E6-B7E9-A9287B2572EC} = {F64E54F5-24C9-4E11-8A69-651628C00648}
	EndGlobalSection
	GlobalSection(ExtensibilityGlobals) = postSolution
		SolutionGuid = {46D0EAAE-2AA4-4CCC-AA50-3722E9D86A77}
	EndGlobalSection
EndGlobal
